// !$*UTF8*$!
{
	archiveVersion = 1;
	classes = {
	};
	objectVersion = 50;
	objects = {

/* Begin PBXBuildFile section */
		9992879F24795FB300E75B80 /* AppDelegate.swift in Sources */ = {isa = PBXBuildFile; fileRef = 9992879E24795FB300E75B80 /* AppDelegate.swift */; };
		999287A124795FB300E75B80 /* SceneDelegate.swift in Sources */ = {isa = PBXBuildFile; fileRef = 999287A024795FB300E75B80 /* SceneDelegate.swift */; };
		999287A324795FB300E75B80 /* ContentView.swift in Sources */ = {isa = PBXBuildFile; fileRef = 999287A224795FB300E75B80 /* ContentView.swift */; };
		999287A524795FBC00E75B80 /* Assets.xcassets in Resources */ = {isa = PBXBuildFile; fileRef = 999287A424795FBC00E75B80 /* Assets.xcassets */; };
		999287A824795FBC00E75B80 /* Preview Assets.xcassets in Resources */ = {isa = PBXBuildFile; fileRef = 999287A724795FBC00E75B80 /* Preview Assets.xcassets */; };
		999287AB24795FBC00E75B80 /* LaunchScreen.storyboard in Resources */ = {isa = PBXBuildFile; fileRef = 999287A924795FBC00E75B80 /* LaunchScreen.storyboard */; };
		999287B52479644600E75B80 /* SliderView.swift in Sources */ = {isa = PBXBuildFile; fileRef = 999287B42479644600E75B80 /* SliderView.swift */; };
/* End PBXBuildFile section */

/* Begin PBXFileReference section */
		9992879B24795FB300E75B80 /* You Know Hue.app */ = {isa = PBXFileReference; explicitFileType = wrapper.application; includeInIndex = 0; path = "You Know Hue.app"; sourceTree = BUILT_PRODUCTS_DIR; };
		9992879E24795FB300E75B80 /* AppDelegate.swift */ = {isa = PBXFileReference; lastKnownFileType = sourcecode.swift; path = AppDelegate.swift; sourceTree = "<group>"; };
		999287A024795FB300E75B80 /* SceneDelegate.swift */ = {isa = PBXFileReference; lastKnownFileType = sourcecode.swift; path = SceneDelegate.swift; sourceTree = "<group>"; };
		999287A224795FB300E75B80 /* ContentView.swift */ = {isa = PBXFileReference; lastKnownFileType = sourcecode.swift; path = ContentView.swift; sourceTree = "<group>"; };
		999287A424795FBC00E75B80 /* Assets.xcassets */ = {isa = PBXFileReference; lastKnownFileType = folder.assetcatalog; path = Assets.xcassets; sourceTree = "<group>"; };
		999287A724795FBC00E75B80 /* Preview Assets.xcassets */ = {isa = PBXFileReference; lastKnownFileType = folder.assetcatalog; path = "Preview Assets.xcassets"; sourceTree = "<group>"; };
		999287AA24795FBC00E75B80 /* Base */ = {isa = PBXFileReference; lastKnownFileType = file.storyboard; name = Base; path = Base.lproj/LaunchScreen.storyboard; sourceTree = "<group>"; };
		999287AC24795FBC00E75B80 /* Info.plist */ = {isa = PBXFileReference; lastKnownFileType = text.plist.xml; path = Info.plist; sourceTree = "<group>"; };
		999287B42479644600E75B80 /* SliderView.swift */ = {isa = PBXFileReference; lastKnownFileType = sourcecode.swift; path = SliderView.swift; sourceTree = "<group>"; };
/* End PBXFileReference section */

/* Begin PBXFrameworksBuildPhase section */
		9992879824795FB300E75B80 /* Frameworks */ = {
			isa = PBXFrameworksBuildPhase;
			buildActionMask = 2147483647;
			files = (
			);
			runOnlyForDeploymentPostprocessing = 0;
		};
/* End PBXFrameworksBuildPhase section */

/* Begin PBXGroup section */
		9992879224795FB300E75B80 = {
			isa = PBXGroup;
			children = (
				9992879D24795FB300E75B80 /* You Know Hue */,
				9992879C24795FB300E75B80 /* Products */,
			);
			sourceTree = "<group>";
		};
		9992879C24795FB300E75B80 /* Products */ = {
			isa = PBXGroup;
			children = (
				9992879B24795FB300E75B80 /* You Know Hue.app */,
			);
			name = Products;
			sourceTree = "<group>";
		};
		9992879D24795FB300E75B80 /* You Know Hue */ = {
			isa = PBXGroup;
			children = (
				9992879E24795FB300E75B80 /* AppDelegate.swift */,
				999287A024795FB300E75B80 /* SceneDelegate.swift */,
				999287A224795FB300E75B80 /* ContentView.swift */,
				999287A424795FBC00E75B80 /* Assets.xcassets */,
				999287A924795FBC00E75B80 /* LaunchScreen.storyboard */,
				999287AC24795FBC00E75B80 /* Info.plist */,
				999287A624795FBC00E75B80 /* Preview Content */,
				999287B42479644600E75B80 /* SliderView.swift */,
			);
			path = "You Know Hue";
			sourceTree = "<group>";
		};
		999287A624795FBC00E75B80 /* Preview Content */ = {
			isa = PBXGroup;
			children = (
				999287A724795FBC00E75B80 /* Preview Assets.xcassets */,
			);
			path = "Preview Content";
			sourceTree = "<group>";
		};
/* End PBXGroup section */

/* Begin PBXNativeTarget section */
		9992879A24795FB300E75B80 /* You Know Hue */ = {
			isa = PBXNativeTarget;
			buildConfigurationList = 999287AF24795FBC00E75B80 /* Build configuration list for PBXNativeTarget "You Know Hue" */;
			buildPhases = (
				9992879724795FB300E75B80 /* Sources */,
				9992879824795FB300E75B80 /* Frameworks */,
				9992879924795FB300E75B80 /* Resources */,
			);
			buildRules = (
			);
			dependencies = (
			);
			name = "You Know Hue";
			productName = "You Know Hue";
			productReference = 9992879B24795FB300E75B80 /* You Know Hue.app */;
			productType = "com.apple.product-type.application";
		};
/* End PBXNativeTarget section */

/* Begin PBXProject section */
		9992879324795FB300E75B80 /* Project object */ = {
			isa = PBXProject;
			attributes = {
				LastSwiftUpdateCheck = 1150;
				LastUpgradeCheck = 1150;
				ORGANIZATIONNAME = "Mathena Angeles";
				TargetAttributes = {
					9992879A24795FB300E75B80 = {
						CreatedOnToolsVersion = 11.5;
					};
				};
			};
			buildConfigurationList = 9992879624795FB300E75B80 /* Build configuration list for PBXProject "You Know Hue" */;
			compatibilityVersion = "Xcode 9.3";
			developmentRegion = en;
			hasScannedForEncodings = 0;
			knownRegions = (
				en,
				Base,
			);
			mainGroup = 9992879224795FB300E75B80;
			productRefGroup = 9992879C24795FB300E75B80 /* Products */;
			projectDirPath = "";
			projectRoot = "";
			targets = (
				9992879A24795FB300E75B80 /* You Know Hue */,
			);
		};
/* End PBXProject section */

/* Begin PBXResourcesBuildPhase section */
		9992879924795FB300E75B80 /* Resources */ = {
			isa = PBXResourcesBuildPhase;
			buildActionMask = 2147483647;
			files = (
				999287AB24795FBC00E75B80 /* LaunchScreen.storyboard in Resources */,
				999287A824795FBC00E75B80 /* Preview Assets.xcassets in Resources */,
				999287A524795FBC00E75B80 /* Assets.xcassets in Resources */,
			);
			runOnlyForDeploymentPostprocessing = 0;
		};
/* End PBXResourcesBuildPhase section */

/* Begin PBXSourcesBuildPhase section */
		9992879724795FB300E75B80 /* Sources */ = {
			isa = PBXSourcesBuildPhase;
			buildActionMask = 2147483647;
			files = (
				9992879F24795FB300E75B80 /* AppDelegate.swift in Sources */,
				999287B52479644600E75B80 /* SliderView.swift in Sources */,
				999287A124795FB300E75B80 /* SceneDelegate.swift in Sources */,
				999287A324795FB300E75B80 /* ContentView.swift in Sources */,
			);
			runOnlyForDeploymentPostprocessing = 0;
		};
/* End PBXSourcesBuildPhase section */

/* Begin PBXVariantGroup section */
		999287A924795FBC00E75B80 /* LaunchScreen.storyboard */ = {
			isa = PBXVariantGroup;
			children = (
				999287AA24795FBC00E75B80 /* Base */,
			);
			name = LaunchScreen.storyboard;
			sourceTree = "<group>";
		};
/* End PBXVariantGroup section */

/* Begin XCBuildConfiguration section */
		999287AD24795FBC00E75B80 /* Debug */ = {
			isa = XCBuildConfiguration;
			buildSettings = {
				ALWAYS_SEARCH_USER_PATHS = NO;
				CLANG_ANALYZER_NONNULL = YES;
				CLANG_ANALYZER_NUMBER_OBJECT_CONVERSION = YES_AGGRESSIVE;
				CLANG_CXX_LANGUAGE_STANDARD = "gnu++14";
				CLANG_CXX_LIBRARY = "libc++";
				CLANG_ENABLE_MODULES = YES;
				CLANG_ENABLE_OBJC_ARC = YES;
				CLANG_ENABLE_OBJC_WEAK = YES;
				CLANG_WARN_BLOCK_CAPTURE_AUTORELEASING = YES;
				CLANG_WARN_BOOL_CONVERSION = YES;
				CLANG_WARN_COMMA = YES;
				CLANG_WARN_CONSTANT_CONVERSION = YES;
				CLANG_WARN_DEPRECATED_OBJC_IMPLEMENTATIONS = YES;
				CLANG_WARN_DIRECT_OBJC_ISA_USAGE = YES_ERROR;
				CLANG_WARN_DOCUMENTATION_COMMENTS = YES;
				CLANG_WARN_EMPTY_BODY = YES;
				CLANG_WARN_ENUM_CONVERSION = YES;
				CLANG_WARN_INFINITE_RECURSION = YES;
				CLANG_WARN_INT_CONVERSION = YES;
				CLANG_WARN_NON_LITERAL_NULL_CONVERSION = YES;
				CLANG_WARN_OBJC_IMPLICIT_RETAIN_SELF = YES;
				CLANG_WARN_OBJC_LITERAL_CONVERSION = YES;
				CLANG_WARN_OBJC_ROOT_CLASS = YES_ERROR;
				CLANG_WARN_RANGE_LOOP_ANALYSIS = YES;
				CLANG_WARN_STRICT_PROTOTYPES = YES;
				CLANG_WARN_SUSPICIOUS_MOVE = YES;
				CLANG_WARN_UNGUARDED_AVAILABILITY = YES_AGGRESSIVE;
				CLANG_WARN_UNREACHABLE_CODE = YES;
				CLANG_WARN__DUPLICATE_METHOD_MATCH = YES;
				COPY_PHASE_STRIP = NO;
				DEBUG_INFORMATION_FORMAT = dwarf;
				ENABLE_STRICT_OBJC_MSGSEND = YES;
				ENABLE_TESTABILITY = YES;
				GCC_C_LANGUAGE_STANDARD = gnu11;
				GCC_DYNAMIC_NO_PIC = NO;
				GCC_NO_COMMON_BLOCKS = YES;
				GCC_OPTIMIZATION_LEVEL = 0;
				GCC_PREPROCESSOR_DEFINITIONS = (
					"DEBUG=1",
					"$(inherited)",
				);
				GCC_WARN_64_TO_32_BIT_CONVERSION = YES;
				GCC_WARN_ABOUT_RETURN_TYPE = YES_ERROR;
				GCC_WARN_UNDECLARED_SELECTOR = YES;
				GCC_WARN_UNINITIALIZED_AUTOS = YES_AGGRESSIVE;
				GCC_WARN_UNUSED_FUNCTION = YES;
				GCC_WARN_UNUSED_VARIABLE = YES;
				IPHONEOS_DEPLOYMENT_TARGET = 13.5;
				MTL_ENABLE_DEBUG_INFO = INCLUDE_SOURCE;
				MTL_FAST_MATH = YES;
				ONLY_ACTIVE_ARCH = YES;
				SDKROOT = iphoneos;
				SWIFT_ACTIVE_COMPILATION_CONDITIONS = DEBUG;
				SWIFT_OPTIMIZATION_LEVEL = "-Onone";
			};
			name = Debug;
		};
		999287AE24795FBC00E75B80 /* Release */ = {
			isa = XCBuildConfiguration;
			buildSettings = {
				ALWAYS_SEARCH_USER_PATHS = NO;
				CLANG_ANALYZER_NONNULL = YES;
				CLANG_ANALYZER_NUMBER_OBJECT_CONVERSION = YES_AGGRESSIVE;
				CLANG_CXX_LANGUAGE_STANDARD = "gnu++14";
				CLANG_CXX_LIBRARY = "libc++";
				CLANG_ENABLE_MODULES = YES;
				CLANG_ENABLE_OBJC_ARC = YES;
				CLANG_ENABLE_OBJC_WEAK = YES;
				CLANG_WARN_BLOCK_CAPTURE_AUTORELEASING = YES;
				CLANG_WARN_BOOL_CONVERSION = YES;
				CLANG_WARN_COMMA = YES;
				CLANG_WARN_CONSTANT_CONVERSION = YES;
				CLANG_WARN_DEPRECATED_OBJC_IMPLEMENTATIONS = YES;
				CLANG_WARN_DIRECT_OBJC_ISA_USAGE = YES_ERROR;
				CLANG_WARN_DOCUMENTATION_COMMENTS = YES;
				CLANG_WARN_EMPTY_BODY = YES;
				CLANG_WARN_ENUM_CONVERSION = YES;
				CLANG_WARN_INFINITE_RECURSION = YES;
				CLANG_WARN_INT_CONVERSION = YES;
				CLANG_WARN_NON_LITERAL_NULL_CONVERSION = YES;
				CLANG_WARN_OBJC_IMPLICIT_RETAIN_SELF = YES;
				CLANG_WARN_OBJC_LITERAL_CONVERSION = YES;
				CLANG_WARN_OBJC_ROOT_CLASS = YES_ERROR;
				CLANG_WARN_RANGE_LOOP_ANALYSIS = YES;
				CLANG_WARN_STRICT_PROTOTYPES = YES;
				CLANG_WARN_SUSPICIOUS_MOVE = YES;
				CLANG_WARN_UNGUARDED_AVAILABILITY = YES_AGGRESSIVE;
				CLANG_WARN_UNREACHABLE_CODE = YES;
				CLANG_WARN__DUPLICATE_METHOD_MATCH = YES;
				COPY_PHASE_STRIP = NO;
				DEBUG_INFORMATION_FORMAT = "dwarf-with-dsym";
				ENABLE_NS_ASSERTIONS = NO;
				ENABLE_STRICT_OBJC_MSGSEND = YES;
				GCC_C_LANGUAGE_STANDARD = gnu11;
				GCC_NO_COMMON_BLOCKS = YES;
				GCC_WARN_64_TO_32_BIT_CONVERSION = YES;
				GCC_WARN_ABOUT_RETURN_TYPE = YES_ERROR;
				GCC_WARN_UNDECLARED_SELECTOR = YES;
				GCC_WARN_UNINITIALIZED_AUTOS = YES_AGGRESSIVE;
				GCC_WARN_UNUSED_FUNCTION = YES;
				GCC_WARN_UNUSED_VARIABLE = YES;
				IPHONEOS_DEPLOYMENT_TARGET = 13.5;
				MTL_ENABLE_DEBUG_INFO = NO;
				MTL_FAST_MATH = YES;
				SDKROOT = iphoneos;
				SWIFT_COMPILATION_MODE = wholemodule;
				SWIFT_OPTIMIZATION_LEVEL = "-O";
				VALIDATE_PRODUCT = YES;
			};
			name = Release;
		};
		999287B024795FBC00E75B80 /* Debug */ = {
			isa = XCBuildConfiguration;
			buildSettings = {
				ASSETCATALOG_COMPILER_APPICON_NAME = AppIcon;
				CODE_SIGN_STYLE = Automatic;
				DEVELOPMENT_ASSET_PATHS = "\"You Know Hue/Preview Content\"";
				DEVELOPMENT_TEAM = MFDP7U98QQ;
				ENABLE_PREVIEWS = YES;
				INFOPLIST_FILE = "You Know Hue/Info.plist";
				LD_RUNPATH_SEARCH_PATHS = (
					"$(inherited)",
					"@executable_path/Frameworks",
				);
				PRODUCT_BUNDLE_IDENTIFIER = "com.mathenaangeles.You-Know-Hue";
				PRODUCT_NAME = "$(TARGET_NAME)";
				SWIFT_VERSION = 5.0;
				TARGETED_DEVICE_FAMILY = "1,2";
			};
			name = Debug;
		};
		999287B124795FBC00E75B80 /* Release */ = {
			isa = XCBuildConfiguration;
			buildSettings = {
				ASSETCATALOG_COMPILER_APPICON_NAME = AppIcon;
				CODE_SIGN_STYLE = Automatic;
				DEVELOPMENT_ASSET_PATHS = "\"You Know Hue/Preview Content\"";
				DEVELOPMENT_TEAM = MFDP7U98QQ;
				ENABLE_PREVIEWS = YES;
				INFOPLIST_FILE = "You Know Hue/Info.plist";
				LD_RUNPATH_SEARCH_PATHS = (
					"$(inherited)",
					"@executable_path/Frameworks",
				);
				PRODUCT_BUNDLE_IDENTIFIER = "com.mathenaangeles.You-Know-Hue";
				PRODUCT_NAME = "$(TARGET_NAME)";
				SWIFT_VERSION = 5.0;
				TARGETED_DEVICE_FAMILY = "1,2";
			};
			name = Release;
		};
/* End XCBuildConfiguration section */

/* Begin XCConfigurationList section */
		9992879624795FB300E75B80 /* Build configuration list for PBXProject "You Know Hue" */ = {
			isa = XCConfigurationList;
			buildConfigurations = (
				999287AD24795FBC00E75B80 /* Debug */,
				999287AE24795FBC00E75B80 /* Release */,
			);
			defaultConfigurationIsVisible = 0;
			defaultConfigurationName = Release;
		};
		999287AF24795FBC00E75B80 /* Build configuration list for PBXNativeTarget "You Know Hue" */ = {
			isa = XCConfigurationList;
			buildConfigurations = (
				999287B024795FBC00E75B80 /* Debug */,
				999287B124795FBC00E75B80 /* Release */,
			);
			defaultConfigurationIsVisible = 0;
			defaultConfigurationName = Release;
		};
/* End XCConfigurationList section */
	};
	rootObject = 9992879324795FB300E75B80 /* Project object */;
}
